// !$*UTF8*$!
{
	archiveVersion = 1;
	classes = {
	};
	objectVersion = 51;
	objects = {

/* Begin PBXBuildFile section */
		3619FF2D08B173F56EA87F6B /* Pods_SNS.framework in Frameworks */ = {isa = PBXBuildFile; fileRef = 2E0BA036027B8CC3D28D5063 /* Pods_SNS.framework */; };
		9B7C7C712630A34D00E943DA /* SignInView.swift in Sources */ = {isa = PBXBuildFile; fileRef = 9B7C7C702630A34D00E943DA /* SignInView.swift */; };
		9BC52E5626321C9E0033D065 /* empty-favorite.json in Resources */ = {isa = PBXBuildFile; fileRef = 9BC52E5526321C9E0033D065 /* empty-favorite.json */; };
		9BE050E42630590000C94209 /* SNSApp.swift in Sources */ = {isa = PBXBuildFile; fileRef = 9BE050E32630590000C94209 /* SNSApp.swift */; };
		9BE050EB2630590000C94209 /* Preview Assets.xcassets in Resources */ = {isa = PBXBuildFile; fileRef = 9BE050EA2630590000C94209 /* Preview Assets.xcassets */; };
		9BE050F72630639300C94209 /* ImagePickerView.swift in Sources */ = {isa = PBXBuildFile; fileRef = 9BE050F62630639300C94209 /* ImagePickerView.swift */; };
		9BEF58E72631750E006C2C8A /* MainViewModel.swift in Sources */ = {isa = PBXBuildFile; fileRef = 9BEF58E62631750D006C2C8A /* MainViewModel.swift */; };
		9BEF58EB2631786C006C2C8A /* MainView.swift in Sources */ = {isa = PBXBuildFile; fileRef = 9BEF58EA2631786C006C2C8A /* MainView.swift */; };
		9BEF58F0263178B8006C2C8A /* Assets.xcassets in Resources */ = {isa = PBXBuildFile; fileRef = 9BEF58EF263178B8006C2C8A /* Assets.xcassets */; };
		9BEF58F926317D8E006C2C8A /* BindView.swift in Sources */ = {isa = PBXBuildFile; fileRef = 9BEF58F826317D8E006C2C8A /* BindView.swift */; };
		9BEF5900263180E6006C2C8A /* FileItem.swift in Sources */ = {isa = PBXBuildFile; fileRef = 9BEF58FF263180E6006C2C8A /* FileItem.swift */; };
		9BEF59032631810C006C2C8A /* FileType.swift in Sources */ = {isa = PBXBuildFile; fileRef = 9BEF59022631810C006C2C8A /* FileType.swift */; };
		9BEF590726318721006C2C8A /* StatusBarController.swift in Sources */ = {isa = PBXBuildFile; fileRef = 9BEF590626318721006C2C8A /* StatusBarController.swift */; };
		9BEF5913263196CC006C2C8A /* LottieView.swift in Sources */ = {isa = PBXBuildFile; fileRef = 9BEF5912263196CC006C2C8A /* LottieView.swift */; };
		9BEF591726319796006C2C8A /* empty.json in Resources */ = {isa = PBXBuildFile; fileRef = 9BEF591626319796006C2C8A /* empty.json */; };
/* End PBXBuildFile section */

/* Begin PBXFileReference section */
		2CA954797434E1E9071B1151 /* Pods-SNS.release.xcconfig */ = {isa = PBXFileReference; includeInIndex = 1; lastKnownFileType = text.xcconfig; name = "Pods-SNS.release.xcconfig"; path = "Target Support Files/Pods-SNS/Pods-SNS.release.xcconfig"; sourceTree = "<group>"; };
		2E0BA036027B8CC3D28D5063 /* Pods_SNS.framework */ = {isa = PBXFileReference; explicitFileType = wrapper.framework; includeInIndex = 0; path = Pods_SNS.framework; sourceTree = BUILT_PRODUCTS_DIR; };
		67A3A9BE8006DB5BCBFAB1FC /* Pods-SNS.debug.xcconfig */ = {isa = PBXFileReference; includeInIndex = 1; lastKnownFileType = text.xcconfig; name = "Pods-SNS.debug.xcconfig"; path = "Target Support Files/Pods-SNS/Pods-SNS.debug.xcconfig"; sourceTree = "<group>"; };
		9B7C7C702630A34D00E943DA /* SignInView.swift */ = {isa = PBXFileReference; lastKnownFileType = sourcecode.swift; path = SignInView.swift; sourceTree = "<group>"; };
		9BC52E5526321C9E0033D065 /* empty-favorite.json */ = {isa = PBXFileReference; fileEncoding = 4; lastKnownFileType = text.json; name = "empty-favorite.json"; path = "../../../../Downloads/empty-favorite.json"; sourceTree = "<group>"; };
		9BE050E02630590000C94209 /* SNS.app */ = {isa = PBXFileReference; explicitFileType = wrapper.application; includeInIndex = 0; path = SNS.app; sourceTree = BUILT_PRODUCTS_DIR; };
		9BE050E32630590000C94209 /* SNSApp.swift */ = {isa = PBXFileReference; lastKnownFileType = sourcecode.swift; path = SNSApp.swift; sourceTree = "<group>"; };
		9BE050EA2630590000C94209 /* Preview Assets.xcassets */ = {isa = PBXFileReference; lastKnownFileType = folder.assetcatalog; path = "Preview Assets.xcassets"; sourceTree = "<group>"; };
		9BE050EC2630590000C94209 /* Info.plist */ = {isa = PBXFileReference; lastKnownFileType = text.plist.xml; path = Info.plist; sourceTree = "<group>"; };
		9BE050F62630639300C94209 /* ImagePickerView.swift */ = {isa = PBXFileReference; lastKnownFileType = sourcecode.swift; path = ImagePickerView.swift; sourceTree = "<group>"; };
		9BEF58E62631750D006C2C8A /* MainViewModel.swift */ = {isa = PBXFileReference; lastKnownFileType = sourcecode.swift; path = MainViewModel.swift; sourceTree = "<group>"; };
		9BEF58EA2631786C006C2C8A /* MainView.swift */ = {isa = PBXFileReference; lastKnownFileType = sourcecode.swift; path = MainView.swift; sourceTree = "<group>"; };
		9BEF58EF263178B8006C2C8A /* Assets.xcassets */ = {isa = PBXFileReference; lastKnownFileType = folder.assetcatalog; name = Assets.xcassets; path = ../../../.Trash/Assets.xcassets; sourceTree = "<group>"; };
		9BEF58F826317D8E006C2C8A /* BindView.swift */ = {isa = PBXFileReference; lastKnownFileType = sourcecode.swift; path = BindView.swift; sourceTree = "<group>"; };
		9BEF58FF263180E6006C2C8A /* FileItem.swift */ = {isa = PBXFileReference; lastKnownFileType = sourcecode.swift; path = FileItem.swift; sourceTree = "<group>"; };
		9BEF59022631810C006C2C8A /* FileType.swift */ = {isa = PBXFileReference; lastKnownFileType = sourcecode.swift; path = FileType.swift; sourceTree = "<group>"; };
		9BEF590626318721006C2C8A /* StatusBarController.swift */ = {isa = PBXFileReference; fileEncoding = 4; lastKnownFileType = sourcecode.swift; name = StatusBarController.swift; path = ../../../../.Trash/StatusBarController.swift; sourceTree = "<group>"; };
		9BEF5912263196CC006C2C8A /* LottieView.swift */ = {isa = PBXFileReference; lastKnownFileType = sourcecode.swift; path = LottieView.swift; sourceTree = "<group>"; };
		9BEF591626319796006C2C8A /* empty.json */ = {isa = PBXFileReference; fileEncoding = 4; lastKnownFileType = text.json; path = empty.json; sourceTree = "<group>"; };
/* End PBXFileReference section */

/* Begin PBXFrameworksBuildPhase section */
		9BE050DD2630590000C94209 /* Frameworks */ = {
			isa = PBXFrameworksBuildPhase;
			buildActionMask = 2147483647;
			files = (
				3619FF2D08B173F56EA87F6B /* Pods_SNS.framework in Frameworks */,
			);
			runOnlyForDeploymentPostprocessing = 0;
		};
/* End PBXFrameworksBuildPhase section */

/* Begin PBXGroup section */
		119A5713BE155FAAB8F45ECF /* Frameworks */ = {
			isa = PBXGroup;
			children = (
				2E0BA036027B8CC3D28D5063 /* Pods_SNS.framework */,
			);
			name = Frameworks;
			sourceTree = "<group>";
		};
		9BE050D72630590000C94209 = {
			isa = PBXGroup;
			children = (
				9BE050E22630590000C94209 /* SNS */,
				9BE050E12630590000C94209 /* Products */,
				DE533E0256B18E4BC50A7A73 /* Pods */,
				119A5713BE155FAAB8F45ECF /* Frameworks */,
			);
			sourceTree = "<group>";
		};
		9BE050E12630590000C94209 /* Products */ = {
			isa = PBXGroup;
			children = (
				9BE050E02630590000C94209 /* SNS.app */,
			);
			name = Products;
			sourceTree = "<group>";
		};
		9BE050E22630590000C94209 /* SNS */ = {
			isa = PBXGroup;
			children = (
				9BEF59152631974E006C2C8A /* lottie */,
				9BEF58F3263178F4006C2C8A /* ui */,
				9BEF58F2263178DF006C2C8A /* viewmodel */,
				9BEF58EF263178B8006C2C8A /* Assets.xcassets */,
				9BE050E32630590000C94209 /* SNSApp.swift */,
				9BE050EC2630590000C94209 /* Info.plist */,
				9BE050E92630590000C94209 /* Preview Content */,
			);
			path = SNS;
			sourceTree = "<group>";
		};
		9BE050E92630590000C94209 /* Preview Content */ = {
			isa = PBXGroup;
			children = (
				9BE050EA2630590000C94209 /* Preview Assets.xcassets */,
			);
			path = "Preview Content";
			sourceTree = "<group>";
		};
		9BEF58ED26317885006C2C8A /* activity */ = {
			isa = PBXGroup;
			children = (
				9BEF58FE263180D3006C2C8A /* main */,
				9B7C7C702630A34D00E943DA /* SignInView.swift */,
				9BEF58F826317D8E006C2C8A /* BindView.swift */,
			);
			path = activity;
			sourceTree = "<group>";
		};
		9BEF58F2263178DF006C2C8A /* viewmodel */ = {
			isa = PBXGroup;
			children = (
				9BEF58E62631750D006C2C8A /* MainViewModel.swift */,
			);
			path = viewmodel;
			sourceTree = "<group>";
		};
		9BEF58F3263178F4006C2C8A /* ui */ = {
			isa = PBXGroup;
			children = (
				9BEF5912263196CC006C2C8A /* LottieView.swift */,
				9BEF590626318721006C2C8A /* StatusBarController.swift */,
				9BE050F62630639300C94209 /* ImagePickerView.swift */,
				9BEF58ED26317885006C2C8A /* activity */,
			);
			path = ui;
			sourceTree = "<group>";
		};
		9BEF58FE263180D3006C2C8A /* main */ = {
			isa = PBXGroup;
			children = (
				9BEF58EA2631786C006C2C8A /* MainView.swift */,
				9BEF58FF263180E6006C2C8A /* FileItem.swift */,
				9BEF59022631810C006C2C8A /* FileType.swift */,
			);
			path = main;
			sourceTree = "<group>";
		};
		9BEF59152631974E006C2C8A /* lottie */ = {
			isa = PBXGroup;
			children = (
				9BC52E5526321C9E0033D065 /* empty-favorite.json */,
				9BEF591626319796006C2C8A /* empty.json */,
			);
			path = lottie;
			sourceTree = "<group>";
		};
		DE533E0256B18E4BC50A7A73 /* Pods */ = {
			isa = PBXGroup;
			children = (
				67A3A9BE8006DB5BCBFAB1FC /* Pods-SNS.debug.xcconfig */,
				2CA954797434E1E9071B1151 /* Pods-SNS.release.xcconfig */,
			);
			path = Pods;
			sourceTree = "<group>";
		};
/* End PBXGroup section */

/* Begin PBXNativeTarget section */
		9BE050DF2630590000C94209 /* SNS */ = {
			isa = PBXNativeTarget;
			buildConfigurationList = 9BE050EF2630590000C94209 /* Build configuration list for PBXNativeTarget "SNS" */;
			buildPhases = (
				6ECBAFE2C369869E73C6098F /* [CP] Check Pods Manifest.lock */,
				9BE050DC2630590000C94209 /* Sources */,
				9BE050DD2630590000C94209 /* Frameworks */,
				9BE050DE2630590000C94209 /* Resources */,
				AAFB62DED9481FB98DF79EDF /* [CP] Embed Pods Frameworks */,
			);
			buildRules = (
			);
			dependencies = (
			);
			name = SNS;
			packageProductDependencies = (
			);
			productName = SNS;
			productReference = 9BE050E02630590000C94209 /* SNS.app */;
			productType = "com.apple.product-type.application";
		};
/* End PBXNativeTarget section */

/* Begin PBXProject section */
		9BE050D82630590000C94209 /* Project object */ = {
			isa = PBXProject;
			attributes = {
				LastSwiftUpdateCheck = 1240;
				LastUpgradeCheck = 1240;
				TargetAttributes = {
					9BE050DF2630590000C94209 = {
						CreatedOnToolsVersion = 12.4;
					};
				};
			};
			buildConfigurationList = 9BE050DB2630590000C94209 /* Build configuration list for PBXProject "SNS" */;
			compatibilityVersion = "Xcode 9.3";
			developmentRegion = en;
			hasScannedForEncodings = 0;
			knownRegions = (
				en,
				Base,
			);
			mainGroup = 9BE050D72630590000C94209;
			packageReferences = (
			);
			productRefGroup = 9BE050E12630590000C94209 /* Products */;
			projectDirPath = "";
			projectRoot = "";
			targets = (
				9BE050DF2630590000C94209 /* SNS */,
			);
		};
/* End PBXProject section */

/* Begin PBXResourcesBuildPhase section */
		9BE050DE2630590000C94209 /* Resources */ = {
			isa = PBXResourcesBuildPhase;
			buildActionMask = 2147483647;
			files = (
				9BEF58F0263178B8006C2C8A /* Assets.xcassets in Resources */,
				9BEF591726319796006C2C8A /* empty.json in Resources */,
				9BE050EB2630590000C94209 /* Preview Assets.xcassets in Resources */,
				9BC52E5626321C9E0033D065 /* empty-favorite.json in Resources */,
			);
			runOnlyForDeploymentPostprocessing = 0;
		};
/* End PBXResourcesBuildPhase section */

/* Begin PBXShellScriptBuildPhase section */
		6ECBAFE2C369869E73C6098F /* [CP] Check Pods Manifest.lock */ = {
			isa = PBXShellScriptBuildPhase;
			buildActionMask = 2147483647;
			files = (
			);
			inputFileListPaths = (
			);
			inputPaths = (
				"${PODS_PODFILE_DIR_PATH}/Podfile.lock",
				"${PODS_ROOT}/Manifest.lock",
			);
			name = "[CP] Check Pods Manifest.lock";
			outputFileListPaths = (
			);
			outputPaths = (
				"$(DERIVED_FILE_DIR)/Pods-SNS-checkManifestLockResult.txt",
			);
			runOnlyForDeploymentPostprocessing = 0;
			shellPath = /bin/sh;
			shellScript = "diff \"${PODS_PODFILE_DIR_PATH}/Podfile.lock\" \"${PODS_ROOT}/Manifest.lock\" > /dev/null\nif [ $? != 0 ] ; then\n    # print error to STDERR\n    echo \"error: The sandbox is not in sync with the Podfile.lock. Run 'pod install' or update your CocoaPods installation.\" >&2\n    exit 1\nfi\n# This output is used by Xcode 'outputs' to avoid re-running this script phase.\necho \"SUCCESS\" > \"${SCRIPT_OUTPUT_FILE_0}\"\n";
			showEnvVarsInLog = 0;
		};
		AAFB62DED9481FB98DF79EDF /* [CP] Embed Pods Frameworks */ = {
			isa = PBXShellScriptBuildPhase;
			buildActionMask = 2147483647;
			files = (
			);
			inputFileListPaths = (
				"${PODS_ROOT}/Target Support Files/Pods-SNS/Pods-SNS-frameworks-${CONFIGURATION}-input-files.xcfilelist",
			);
			name = "[CP] Embed Pods Frameworks";
			outputFileListPaths = (
				"${PODS_ROOT}/Target Support Files/Pods-SNS/Pods-SNS-frameworks-${CONFIGURATION}-output-files.xcfilelist",
			);
			runOnlyForDeploymentPostprocessing = 0;
			shellPath = /bin/sh;
			shellScript = "\"${PODS_ROOT}/Target Support Files/Pods-SNS/Pods-SNS-frameworks.sh\"\n";
			showEnvVarsInLog = 0;
		};
/* End PBXShellScriptBuildPhase section */

/* Begin PBXSourcesBuildPhase section */
		9BE050DC2630590000C94209 /* Sources */ = {
			isa = PBXSourcesBuildPhase;
			buildActionMask = 2147483647;
			files = (
				9BE050F72630639300C94209 /* ImagePickerView.swift in Sources */,
				9BEF5900263180E6006C2C8A /* FileItem.swift in Sources */,
				9BEF590726318721006C2C8A /* StatusBarController.swift in Sources */,
				9BEF58F926317D8E006C2C8A /* BindView.swift in Sources */,
				9BEF58EB2631786C006C2C8A /* MainView.swift in Sources */,
				9BEF58E72631750E006C2C8A /* MainViewModel.swift in Sources */,
				9BEF59032631810C006C2C8A /* FileType.swift in Sources */,
				9BEF5913263196CC006C2C8A /* LottieView.swift in Sources */,
				9B7C7C712630A34D00E943DA /* SignInView.swift in Sources */,
				9BE050E42630590000C94209 /* SNSApp.swift in Sources */,
			);
			runOnlyForDeploymentPostprocessing = 0;
		};
/* End PBXSourcesBuildPhase section */

/* Begin XCBuildConfiguration section */
		9BE050ED2630590000C94209 /* Debug */ = {
			isa = XCBuildConfiguration;
			buildSettings = {
				ALWAYS_SEARCH_USER_PATHS = NO;
				CLANG_ANALYZER_NONNULL = YES;
				CLANG_ANALYZER_NUMBER_OBJECT_CONVERSION = YES_AGGRESSIVE;
				CLANG_CXX_LANGUAGE_STANDARD = "gnu++14";
				CLANG_CXX_LIBRARY = "libc++";
				CLANG_ENABLE_MODULES = YES;
				CLANG_ENABLE_OBJC_ARC = YES;
				CLANG_ENABLE_OBJC_WEAK = YES;
				CLANG_WARN_BLOCK_CAPTURE_AUTORELEASING = YES;
				CLANG_WARN_BOOL_CONVERSION = YES;
				CLANG_WARN_COMMA = YES;
				CLANG_WARN_CONSTANT_CONVERSION = YES;
				CLANG_WARN_DEPRECATED_OBJC_IMPLEMENTATIONS = YES;
				CLANG_WARN_DIRECT_OBJC_ISA_USAGE = YES_ERROR;
				CLANG_WARN_DOCUMENTATION_COMMENTS = YES;
				CLANG_WARN_EMPTY_BODY = YES;
				CLANG_WARN_ENUM_CONVERSION = YES;
				CLANG_WARN_INFINITE_RECURSION = YES;
				CLANG_WARN_INT_CONVERSION = YES;
				CLANG_WARN_NON_LITERAL_NULL_CONVERSION = YES;
				CLANG_WARN_OBJC_IMPLICIT_RETAIN_SELF = YES;
				CLANG_WARN_OBJC_LITERAL_CONVERSION = YES;
				CLANG_WARN_OBJC_ROOT_CLASS = YES_ERROR;
				CLANG_WARN_QUOTED_INCLUDE_IN_FRAMEWORK_HEADER = YES;
				CLANG_WARN_RANGE_LOOP_ANALYSIS = YES;
				CLANG_WARN_STRICT_PROTOTYPES = YES;
				CLANG_WARN_SUSPICIOUS_MOVE = YES;
				CLANG_WARN_UNGUARDED_AVAILABILITY = YES_AGGRESSIVE;
				CLANG_WARN_UNREACHABLE_CODE = YES;
				CLANG_WARN__DUPLICATE_METHOD_MATCH = YES;
				COPY_PHASE_STRIP = NO;
				DEBUG_INFORMATION_FORMAT = dwarf;
				ENABLE_STRICT_OBJC_MSGSEND = YES;
				ENABLE_TESTABILITY = YES;
				GCC_C_LANGUAGE_STANDARD = gnu11;
				GCC_DYNAMIC_NO_PIC = NO;
				GCC_NO_COMMON_BLOCKS = YES;
				GCC_OPTIMIZATION_LEVEL = 0;
				GCC_PREPROCESSOR_DEFINITIONS = (
					"DEBUG=1",
					"$(inherited)",
				);
				GCC_WARN_64_TO_32_BIT_CONVERSION = YES;
				GCC_WARN_ABOUT_RETURN_TYPE = YES_ERROR;
				GCC_WARN_UNDECLARED_SELECTOR = YES;
				GCC_WARN_UNINITIALIZED_AUTOS = YES_AGGRESSIVE;
				GCC_WARN_UNUSED_FUNCTION = YES;
				GCC_WARN_UNUSED_VARIABLE = YES;
				IPHONEOS_DEPLOYMENT_TARGET = 14.4;
				MTL_ENABLE_DEBUG_INFO = INCLUDE_SOURCE;
				MTL_FAST_MATH = YES;
				ONLY_ACTIVE_ARCH = YES;
				SDKROOT = iphoneos;
				SWIFT_ACTIVE_COMPILATION_CONDITIONS = DEBUG;
				SWIFT_OPTIMIZATION_LEVEL = "-Onone";
			};
			name = Debug;
		};
		9BE050EE2630590000C94209 /* Release */ = {
			isa = XCBuildConfiguration;
			buildSettings = {
				ALWAYS_SEARCH_USER_PATHS = NO;
				CLANG_ANALYZER_NONNULL = YES;
				CLANG_ANALYZER_NUMBER_OBJECT_CONVERSION = YES_AGGRESSIVE;
				CLANG_CXX_LANGUAGE_STANDARD = "gnu++14";
				CLANG_CXX_LIBRARY = "libc++";
				CLANG_ENABLE_MODULES = YES;
				CLANG_ENABLE_OBJC_ARC = YES;
				CLANG_ENABLE_OBJC_WEAK = YES;
				CLANG_WARN_BLOCK_CAPTURE_AUTORELEASING = YES;
				CLANG_WARN_BOOL_CONVERSION = YES;
				CLANG_WARN_COMMA = YES;
				CLANG_WARN_CONSTANT_CONVERSION = YES;
				CLANG_WARN_DEPRECATED_OBJC_IMPLEMENTATIONS = YES;
				CLANG_WARN_DIRECT_OBJC_ISA_USAGE = YES_ERROR;
				CLANG_WARN_DOCUMENTATION_COMMENTS = YES;
				CLANG_WARN_EMPTY_BODY = YES;
				CLANG_WARN_ENUM_CONVERSION = YES;
				CLANG_WARN_INFINITE_RECURSION = YES;
				CLANG_WARN_INT_CONVERSION = YES;
				CLANG_WARN_NON_LITERAL_NULL_CONVERSION = YES;
				CLANG_WARN_OBJC_IMPLICIT_RETAIN_SELF = YES;
				CLANG_WARN_OBJC_LITERAL_CONVERSION = YES;
				CLANG_WARN_OBJC_ROOT_CLASS = YES_ERROR;
				CLANG_WARN_QUOTED_INCLUDE_IN_FRAMEWORK_HEADER = YES;
				CLANG_WARN_RANGE_LOOP_ANALYSIS = YES;
				CLANG_WARN_STRICT_PROTOTYPES = YES;
				CLANG_WARN_SUSPICIOUS_MOVE = YES;
				CLANG_WARN_UNGUARDED_AVAILABILITY = YES_AGGRESSIVE;
				CLANG_WARN_UNREACHABLE_CODE = YES;
				CLANG_WARN__DUPLICATE_METHOD_MATCH = YES;
				COPY_PHASE_STRIP = NO;
				DEBUG_INFORMATION_FORMAT = "dwarf-with-dsym";
				ENABLE_NS_ASSERTIONS = NO;
				ENABLE_STRICT_OBJC_MSGSEND = YES;
				GCC_C_LANGUAGE_STANDARD = gnu11;
				GCC_NO_COMMON_BLOCKS = YES;
				GCC_WARN_64_TO_32_BIT_CONVERSION = YES;
				GCC_WARN_ABOUT_RETURN_TYPE = YES_ERROR;
				GCC_WARN_UNDECLARED_SELECTOR = YES;
				GCC_WARN_UNINITIALIZED_AUTOS = YES_AGGRESSIVE;
				GCC_WARN_UNUSED_FUNCTION = YES;
				GCC_WARN_UNUSED_VARIABLE = YES;
				IPHONEOS_DEPLOYMENT_TARGET = 14.4;
				MTL_ENABLE_DEBUG_INFO = NO;
				MTL_FAST_MATH = YES;
				SDKROOT = iphoneos;
				SWIFT_COMPILATION_MODE = wholemodule;
				SWIFT_OPTIMIZATION_LEVEL = "-O";
				VALIDATE_PRODUCT = YES;
			};
			name = Release;
		};
		9BE050F02630590000C94209 /* Debug */ = {
			isa = XCBuildConfiguration;
			baseConfigurationReference = 67A3A9BE8006DB5BCBFAB1FC /* Pods-SNS.debug.xcconfig */;
			buildSettings = {
				ASSETCATALOG_COMPILER_APPICON_NAME = AppIcon;
				ASSETCATALOG_COMPILER_GLOBAL_ACCENT_COLOR_NAME = AccentColor;
				CODE_SIGN_STYLE = Automatic;
				DEVELOPMENT_ASSET_PATHS = "\"SNS/Preview Content\"";
				DEVELOPMENT_TEAM = 42G2R96857;
				ENABLE_PREVIEWS = YES;
				INFOPLIST_FILE = SNS/Info.plist;
				IPHONEOS_DEPLOYMENT_TARGET = 14.0;
				LD_RUNPATH_SEARCH_PATHS = (
					"$(inherited)",
					"@executable_path/Frameworks",
				);
				PRODUCT_BUNDLE_IDENTIFIER = sin.space.SNS;
				PRODUCT_NAME = "$(TARGET_NAME)";
				SWIFT_VERSION = 5.0;
				TARGETED_DEVICE_FAMILY = "1,2";
			};
			name = Debug;
		};
		9BE050F12630590000C94209 /* Release */ = {
			isa = XCBuildConfiguration;
			baseConfigurationReference = 2CA954797434E1E9071B1151 /* Pods-SNS.release.xcconfig */;
			buildSettings = {
				ASSETCATALOG_COMPILER_APPICON_NAME = AppIcon;
				ASSETCATALOG_COMPILER_GLOBAL_ACCENT_COLOR_NAME = AccentColor;
				CODE_SIGN_STYLE = Automatic;
				DEVELOPMENT_ASSET_PATHS = "\"SNS/Preview Content\"";
				DEVELOPMENT_TEAM = 42G2R96857;
				ENABLE_PREVIEWS = YES;
				INFOPLIST_FILE = SNS/Info.plist;
				IPHONEOS_DEPLOYMENT_TARGET = 14.0;
				LD_RUNPATH_SEARCH_PATHS = (
					"$(inherited)",
					"@executable_path/Frameworks",
				);
				PRODUCT_BUNDLE_IDENTIFIER = sin.space.SNS;
				PRODUCT_NAME = "$(TARGET_NAME)";
				SWIFT_VERSION = 5.0;
				TARGETED_DEVICE_FAMILY = "1,2";
			};
			name = Release;
		};
/* End XCBuildConfiguration section */

/* Begin XCConfigurationList section */
		9BE050DB2630590000C94209 /* Build configuration list for PBXProject "SNS" */ = {
			isa = XCConfigurationList;
			buildConfigurations = (
				9BE050ED2630590000C94209 /* Debug */,
				9BE050EE2630590000C94209 /* Release */,
			);
			defaultConfigurationIsVisible = 0;
			defaultConfigurationName = Release;
		};
		9BE050EF2630590000C94209 /* Build configuration list for PBXNativeTarget "SNS" */ = {
			isa = XCConfigurationList;
			buildConfigurations = (
				9BE050F02630590000C94209 /* Debug */,
				9BE050F12630590000C94209 /* Release */,
			);
			defaultConfigurationIsVisible = 0;
			defaultConfigurationName = Release;
		};
/* End XCConfigurationList section */
	};
	rootObject = 9BE050D82630590000C94209 /* Project object */;
}
